
Microsoft Visual Studio Solution File, Format Version 12.00
# Visual Studio 15
VisualStudioVersion = 15.0.27130.2036
MinimumVisualStudioVersion = 10.0.40219.1
Project("{FAE04EC0-301F-11D3-BF4B-00C04F79EFBC}") = "Project1.App", "Project1.App\Project1.App.csproj", "{83B8C5CF-1388-437D-84FA-F1D2EB39C6CA}"
EndProject
Project("{FAE04EC0-301F-11D3-BF4B-00C04F79EFBC}") = "Project.Framework", "Project.Framework\Project.Framework.csproj", "{ECC50BCE-0F13-407E-9C88-1D9A9DE03681}"
EndProject
Project("{FAE04EC0-301F-11D3-BF4B-00C04F79EFBC}") = "Project.Model", "Project.Model\Project.Model.csproj", "{3E2CB28A-CDAC-45A5-8B86-FFD22A53CCB3}"
EndProject
Project("{FAE04EC0-301F-11D3-BF4B-00C04F79EFBC}") = "Project.Factory", "Project.Factory\Project.Factory.csproj", "{452C9DDF-27E2-4B5F-9427-3AA6ED343282}"
EndProject
Project("{FAE04EC0-301F-11D3-BF4B-00C04F79EFBC}") = "Project.Interface", "Project.Interface\Project.Interface.csproj", "{B824CFC5-2C16-4411-8BB1-367EBB8E460E}"
EndProject
Project("{FAE04EC0-301F-11D3-BF4B-00C04F79EFBC}") = "Project.Sqlserver", "Project.Sqlserver\Project.Sqlserver.csproj", "{C0EB7844-506B-4086-8492-3F50AC16AD2F}"
EndProject
Global
	GlobalSection(SolutionConfigurationPlatforms) = preSolution
		Debug|Any CPU = Debug|Any CPU
		Release|Any CPU = Release|Any CPU
	EndGlobalSection
	GlobalSection(ProjectConfigurationPlatforms) = postSolution
		{83B8C5CF-1388-437D-84FA-F1D2EB39C6CA}.Debug|Any CPU.ActiveCfg = Debug|Any CPU
		{83B8C5CF-1388-437D-84FA-F1D2EB39C6CA}.Debug|Any CPU.Build.0 = Debug|Any CPU
		{83B8C5CF-1388-437D-84FA-F1D2EB39C6CA}.Release|Any CPU.ActiveCfg = Release|Any CPU
		{83B8C5CF-1388-437D-84FA-F1D2EB39C6CA}.Release|Any CPU.Build.0 = Release|Any CPU
		{ECC50BCE-0F13-407E-9C88-1D9A9DE03681}.Debug|Any CPU.ActiveCfg = Debug|Any CPU
		{ECC50BCE-0F13-407E-9C88-1D9A9DE03681}.Debug|Any CPU.Build.0 = Debug|Any CPU
		{ECC50BCE-0F13-407E-9C88-1D9A9DE03681}.Release|Any CPU.ActiveCfg = Release|Any CPU
		{ECC50BCE-0F13-407E-9C88-1D9A9DE03681}.Release|Any CPU.Build.0 = Release|Any CPU
		{3E2CB28A-CDAC-45A5-8B86-FFD22A53CCB3}.Debug|Any CPU.ActiveCfg = Debug|Any CPU
		{3E2CB28A-CDAC-45A5-8B86-FFD22A53CCB3}.Debug|Any CPU.Build.0 = Debug|Any CPU
		{3E2CB28A-CDAC-45A5-8B86-FFD22A53CCB3}.Release|Any CPU.ActiveCfg = Release|Any CPU
		{3E2CB28A-CDAC-45A5-8B86-FFD22A53CCB3}.Release|Any CPU.Build.0 = Release|Any CPU
		{452C9DDF-27E2-4B5F-9427-3AA6ED343282}.Debug|Any CPU.ActiveCfg = Debug|Any CPU
		{452C9DDF-27E2-4B5F-9427-3AA6ED343282}.Debug|Any CPU.Build.0 = Debug|Any CPU
		{452C9DDF-27E2-4B5F-9427-3AA6ED343282}.Release|Any CPU.ActiveCfg = Release|Any CPU
		{452C9DDF-27E2-4B5F-9427-3AA6ED343282}.Release|Any CPU.Build.0 = Release|Any CPU
		{B824CFC5-2C16-4411-8BB1-367EBB8E460E}.Debug|Any CPU.ActiveCfg = Debug|Any CPU
		{B824CFC5-2C16-4411-8BB1-367EBB8E460E}.Debug|Any CPU.Build.0 = Debug|Any CPU
		{B824CFC5-2C16-4411-8BB1-367EBB8E460E}.Release|Any CPU.ActiveCfg = Release|Any CPU
		{B824CFC5-2C16-4411-8BB1-367EBB8E460E}.Release|Any CPU.Build.0 = Release|Any CPU
		{C0EB7844-506B-4086-8492-3F50AC16AD2F}.Debug|Any CPU.ActiveCfg = Debug|Any CPU
		{C0EB7844-506B-4086-8492-3F50AC16AD2F}.Debug|Any CPU.Build.0 = Debug|Any CPU
		{C0EB7844-506B-4086-8492-3F50AC16AD2F}.Release|Any CPU.ActiveCfg = Release|Any CPU
		{C0EB7844-506B-4086-8492-3F50AC16AD2F}.Release|Any CPU.Build.0 = Release|Any CPU
	EndGlobalSection
	GlobalSection(SolutionProperties) = preSolution
		HideSolutionNode = FALSE
	EndGlobalSection
	GlobalSection(ExtensibilityGlobals) = postSolution
		SolutionGuid = {780B8C9A-E746-4C1E-B3AD-921B499AB10B}
	EndGlobalSection
EndGlobal
